
Microsoft Visual Studio Solution File, Format Version 12.00
# Visual Studio Version 16
VisualStudioVersion = 16.0.29306.81
MinimumVisualStudioVersion = 10.0.40219.1
Project("{FAE04EC0-301F-11D3-BF4B-00C04F79EFBC}") = "BlackJack", "BlackJack.csproj", "{11FDBB73-4C28-4009-9ECE-DADCC0325E9D}"
EndProject
Global
	GlobalSection(SolutionConfigurationPlatforms) = preSolution
		Debug|Any CPU = Debug|Any CPU
		Release|Any CPU = Release|Any CPU
	EndGlobalSection
	GlobalSection(ProjectConfigurationPlatforms) = postSolution
		{11FDBB73-4C28-4009-9ECE-DADCC0325E9D}.Debug|Any CPU.ActiveCfg = Debug|Any CPU
		{11FDBB73-4C28-4009-9ECE-DADCC0325E9D}.Debug|Any CPU.Build.0 = Debug|Any CPU
		{11FDBB73-4C28-4009-9ECE-DADCC0325E9D}.Release|Any CPU.ActiveCfg = Release|Any CPU
		{11FDBB73-4C28-4009-9ECE-DADCC0325E9D}.Release|Any CPU.Build.0 = Release|Any CPU
	EndGlobalSection
	GlobalSection(SolutionProperties) = preSolution
		HideSolutionNode = FALSE
	EndGlobalSection
	GlobalSection(ExtensibilityGlobals) = postSolution
		SolutionGuid = {BB492CFA-A377-4535-9ABD-338C62306469}
	EndGlobalSection
EndGlobal
