
Microsoft Visual Studio Solution File, Format Version 12.00
# Visual Studio Version 16
VisualStudioVersion = 16.0.29306.81
MinimumVisualStudioVersion = 10.0.40219.1
Project("{FAE04EC0-301F-11D3-BF4B-00C04F79EFBC}") = "StudentList_While", "StudentList_While.csproj", "{A26F72AC-2329-4294-A50D-95CDB5344EB4}"
EndProject
Global
	GlobalSection(SolutionConfigurationPlatforms) = preSolution
		Debug|Any CPU = Debug|Any CPU
		Release|Any CPU = Release|Any CPU
	EndGlobalSection
	GlobalSection(ProjectConfigurationPlatforms) = postSolution
		{A26F72AC-2329-4294-A50D-95CDB5344EB4}.Debug|Any CPU.ActiveCfg = Debug|Any CPU
		{A26F72AC-2329-4294-A50D-95CDB5344EB4}.Debug|Any CPU.Build.0 = Debug|Any CPU
		{A26F72AC-2329-4294-A50D-95CDB5344EB4}.Release|Any CPU.ActiveCfg = Release|Any CPU
		{A26F72AC-2329-4294-A50D-95CDB5344EB4}.Release|Any CPU.Build.0 = Release|Any CPU
	EndGlobalSection
	GlobalSection(SolutionProperties) = preSolution
		HideSolutionNode = FALSE
	EndGlobalSection
	GlobalSection(ExtensibilityGlobals) = postSolution
		SolutionGuid = {D6FB1F3C-8D37-4868-A9BE-B146B14BF528}
	EndGlobalSection
EndGlobal
