
Microsoft Visual Studio Solution File, Format Version 12.00
# Visual Studio Version 16
VisualStudioVersion = 16.0.29306.81
MinimumVisualStudioVersion = 10.0.40219.1
Project("{FAE04EC0-301F-11D3-BF4B-00C04F79EFBC}") = "test10-1", "test10-1.csproj", "{54AEAFC3-2F32-442D-B9F3-76CBE484725B}"
EndProject
Global
	GlobalSection(SolutionConfigurationPlatforms) = preSolution
		Debug|Any CPU = Debug|Any CPU
		Release|Any CPU = Release|Any CPU
	EndGlobalSection
	GlobalSection(ProjectConfigurationPlatforms) = postSolution
		{54AEAFC3-2F32-442D-B9F3-76CBE484725B}.Debug|Any CPU.ActiveCfg = Debug|Any CPU
		{54AEAFC3-2F32-442D-B9F3-76CBE484725B}.Debug|Any CPU.Build.0 = Debug|Any CPU
		{54AEAFC3-2F32-442D-B9F3-76CBE484725B}.Release|Any CPU.ActiveCfg = Release|Any CPU
		{54AEAFC3-2F32-442D-B9F3-76CBE484725B}.Release|Any CPU.Build.0 = Release|Any CPU
	EndGlobalSection
	GlobalSection(SolutionProperties) = preSolution
		HideSolutionNode = FALSE
	EndGlobalSection
	GlobalSection(ExtensibilityGlobals) = postSolution
		SolutionGuid = {1730C4B5-F459-444B-A000-854E662AFCD0}
	EndGlobalSection
EndGlobal
