
Microsoft Visual Studio Solution File, Format Version 12.00
# Visual Studio Version 16
VisualStudioVersion = 16.0.29306.81
MinimumVisualStudioVersion = 10.0.40219.1
Project("{FAE04EC0-301F-11D3-BF4B-00C04F79EFBC}") = "Test09", "Test09.csproj", "{A91B1341-D39B-4D59-ABC1-2334BDA7FADD}"
EndProject
Global
	GlobalSection(SolutionConfigurationPlatforms) = preSolution
		Debug|Any CPU = Debug|Any CPU
		Release|Any CPU = Release|Any CPU
	EndGlobalSection
	GlobalSection(ProjectConfigurationPlatforms) = postSolution
		{A91B1341-D39B-4D59-ABC1-2334BDA7FADD}.Debug|Any CPU.ActiveCfg = Debug|Any CPU
		{A91B1341-D39B-4D59-ABC1-2334BDA7FADD}.Debug|Any CPU.Build.0 = Debug|Any CPU
		{A91B1341-D39B-4D59-ABC1-2334BDA7FADD}.Release|Any CPU.ActiveCfg = Release|Any CPU
		{A91B1341-D39B-4D59-ABC1-2334BDA7FADD}.Release|Any CPU.Build.0 = Release|Any CPU
	EndGlobalSection
	GlobalSection(SolutionProperties) = preSolution
		HideSolutionNode = FALSE
	EndGlobalSection
	GlobalSection(ExtensibilityGlobals) = postSolution
		SolutionGuid = {E711923D-5766-4297-B8F2-EA2F037EFAF0}
	EndGlobalSection
EndGlobal
